<Solution>
  <Folder Name="/Solution Items/">
    <File Path="Caddyfile" />
    <File Path="docker-compose.yml" />
  </Folder>
  <Project Path="ITransitionTask5.Blazor/ITransitionTask5.Blazor.csproj" Id="4e769ab6-a930-4072-b568-0fc79fa8155e" />
  <Project Path="ITransitionTask5/ITransitionTask5.csproj" />
</Solution>
